
Microsoft Visual Studio Solution File, Format Version 12.00
# Visual Studio Version 17
VisualStudioVersion = 17.4.33403.182
MinimumVisualStudioVersion = 10.0.40219.1
Project("{FAE04EC0-301F-11D3-BF4B-00C04F79EFBC}") = "extra world opdracht", "extra world opdracht\extra world opdracht.csproj", "{B0A835AE-2989-42D1-BDAD-F1D4001A33FC}"
EndProject
Global
	GlobalSection(SolutionConfigurationPlatforms) = preSolution
		Debug|Any CPU = Debug|Any CPU
		Release|Any CPU = Release|Any CPU
	EndGlobalSection
	GlobalSection(ProjectConfigurationPlatforms) = postSolution
		{B0A835AE-2989-42D1-BDAD-F1D4001A33FC}.Debug|Any CPU.ActiveCfg = Debug|Any CPU
		{B0A835AE-2989-42D1-BDAD-F1D4001A33FC}.Debug|Any CPU.Build.0 = Debug|Any CPU
		{B0A835AE-2989-42D1-BDAD-F1D4001A33FC}.Release|Any CPU.ActiveCfg = Release|Any CPU
		{B0A835AE-2989-42D1-BDAD-F1D4001A33FC}.Release|Any CPU.Build.0 = Release|Any CPU
	EndGlobalSection
	GlobalSection(SolutionProperties) = preSolution
		HideSolutionNode = FALSE
	EndGlobalSection
	GlobalSection(ExtensibilityGlobals) = postSolution
		SolutionGuid = {37EEA57B-10B9-4A80-8699-03B193203A20}
	EndGlobalSection
EndGlobal
